{
    "name": "test-proj",
    "version": "1.0.0",
    "lockfileVersion": 2,
    "requires": true,
    "packages": {
        "": {
            "name": "test-proj",
            "version": "1.0.0",
            "dependencies": {
                "minimatch": "0.2.14"
            }
        },
        "node_modules/lru-cache": {
            "version": "2.7.3",
            "resolved": "https://registry.npmjs.org/lru-cache/-/lru-cache-2.7.3.tgz",
            "integrity": "sha1-bUUk6LlV+V1PW1iFHOId1y+06VI="
        },
        "node_modules/minimatch": {
            "version": "0.2.14",
            "resolved": "https://registry.npmjs.org/minimatch/-/minimatch-0.2.14.tgz",
            "integrity": "sha1-x054BXT2PG+aCQ6Q775u9TpqdWo=",
            "deprecated": "Please update to minimatch 3.0.2 or higher to avoid a RegExp DoS issue",
            "dependencies": {
                "lru-cache": "2",
                "sigmund": "~1.0.0"
            },
            "engines": {
                "node": "*"
            }
        },
        "node_modules/sigmund": {
            "version": "1.0.1",
            "resolved": "https://registry.npmjs.org/sigmund/-/sigmund-1.0.1.tgz",
            "integrity": "sha1-P/IfGYytIXX587eBhT/ZTQ0ZtZA="
        }
    },
    "dependencies": {
        "lru-cache": {
            "version": "2.7.3",
            "resolved": "https://registry.npmjs.org/lru-cache/-/lru-cache-2.7.3.tgz",
            "integrity": "sha1-bUUk6LlV+V1PW1iFHOId1y+06VI="
        },
        "minimatch": {
            "version": "0.2.14",
            "resolved": "https://registry.npmjs.org/minimatch/-/minimatch-0.2.14.tgz",
            "integrity": "sha1-x054BXT2PG+aCQ6Q775u9TpqdWo=",
            "requires": {
                "lru-cache": "2",
                "sigmund": "~1.0.0"
            }
        },
        "sigmund": {
            "version": "1.0.1",
            "resolved": "https://registry.npmjs.org/sigmund/-/sigmund-1.0.1.tgz",
            "integrity": "sha1-P/IfGYytIXX587eBhT/ZTQ0ZtZA="
        }
    }
}
