# This file is generated by running "yarn install" inside your project.
# Manual changes might be lost - proceed with caution!

__metadata:
  version: 6
  cacheKey: 8

"minimist@npm:1.2.5":
  version: 1.2.5
  resolution: "minimist@npm:1.2.5"
  checksum: 86706ce5b36c16bfc35c5fe3dbb01d5acdc9a22f2b6cc810b6680656a1d2c0e44a0159c9a3ba51fb072bb5c203e49e10b51dcd0eec39c481f4c42086719bae52
  languageName: node
  linkType: hard

"yarn@workspace:.":
  version: 0.0.0-use.local
  resolution: "yarn@workspace:."
  dependencies:
    minimist: 1.2.5
  languageName: unknown
  linkType: soft
